
Microsoft Visual Studio Solution File, Format Version 12.00
# Visual Studio Version 17
VisualStudioVersion = 17.10.35122.118
MinimumVisualStudioVersion = 10.0.40219.1
Project("{FAE04EC0-301F-11D3-BF4B-00C04F79EFBC}") = "ECommerceApp", "ECommerceApp\ECommerceApp.csproj", "{19FBB060-A2FC-4430-8EF9-0EA076F087E4}"
EndProject
Global
	GlobalSection(SolutionConfigurationPlatforms) = preSolution
		Debug|Any CPU = Debug|Any CPU
		Release|Any CPU = Release|Any CPU
	EndGlobalSection
	GlobalSection(ProjectConfigurationPlatforms) = postSolution
		{19FBB060-A2FC-4430-8EF9-0EA076F087E4}.Debug|Any CPU.ActiveCfg = Debug|Any CPU
		{19FBB060-A2FC-4430-8EF9-0EA076F087E4}.Debug|Any CPU.Build.0 = Debug|Any CPU
		{19FBB060-A2FC-4430-8EF9-0EA076F087E4}.Release|Any CPU.ActiveCfg = Release|Any CPU
		{19FBB060-A2FC-4430-8EF9-0EA076F087E4}.Release|Any CPU.Build.0 = Release|Any CPU
	EndGlobalSection
	GlobalSection(SolutionProperties) = preSolution
		HideSolutionNode = FALSE
	EndGlobalSection
	GlobalSection(ExtensibilityGlobals) = postSolution
		SolutionGuid = {D37198A4-E878-4CFC-9C64-730F22F39F08}
	EndGlobalSection
EndGlobal
